
Microsoft Visual Studio Solution File, Format Version 12.00
# Visual Studio Version 16
VisualStudioVersion = 16.0.31702.278
MinimumVisualStudioVersion = 10.0.40219.1
Project("{9A19103F-16F7-4668-BE54-9A1E7A4F7556}") = "ConversorTXT_PDF", "ConversorTXT_PDF\ConversorTXT_PDF.csproj", "{F3520102-554E-4F42-8778-97ECD17F7C31}"
EndProject
Global
	GlobalSection(SolutionConfigurationPlatforms) = preSolution
		Debug|Any CPU = Debug|Any CPU
		Release|Any CPU = Release|Any CPU
	EndGlobalSection
	GlobalSection(ProjectConfigurationPlatforms) = postSolution
		{F3520102-554E-4F42-8778-97ECD17F7C31}.Debug|Any CPU.ActiveCfg = Debug|Any CPU
		{F3520102-554E-4F42-8778-97ECD17F7C31}.Debug|Any CPU.Build.0 = Debug|Any CPU
		{F3520102-554E-4F42-8778-97ECD17F7C31}.Release|Any CPU.ActiveCfg = Release|Any CPU
		{F3520102-554E-4F42-8778-97ECD17F7C31}.Release|Any CPU.Build.0 = Release|Any CPU
	EndGlobalSection
	GlobalSection(SolutionProperties) = preSolution
		HideSolutionNode = FALSE
	EndGlobalSection
	GlobalSection(ExtensibilityGlobals) = postSolution
		SolutionGuid = {88979C61-6C29-4B67-9A34-C91AF9BFC3EE}
	EndGlobalSection
EndGlobal
