
Microsoft Visual Studio Solution File, Format Version 12.00
# Visual Studio Version 16
VisualStudioVersion = 16.0.31205.134
MinimumVisualStudioVersion = 10.0.40219.1
Project("{FAE04EC0-301F-11D3-BF4B-00C04F79EFBC}") = "ClubeDaLeitura.ConsoleApp", "ClubeDaLeitura.ConsoleApp\ClubeDaLeitura.ConsoleApp.csproj", "{F41B4AA4-DD05-47A8-8B3F-8DC22BB3DB52}"
EndProject
Global
	GlobalSection(SolutionConfigurationPlatforms) = preSolution
		Debug|Any CPU = Debug|Any CPU
		Release|Any CPU = Release|Any CPU
	EndGlobalSection
	GlobalSection(ProjectConfigurationPlatforms) = postSolution
		{F41B4AA4-DD05-47A8-8B3F-8DC22BB3DB52}.Debug|Any CPU.ActiveCfg = Debug|Any CPU
		{F41B4AA4-DD05-47A8-8B3F-8DC22BB3DB52}.Debug|Any CPU.Build.0 = Debug|Any CPU
		{F41B4AA4-DD05-47A8-8B3F-8DC22BB3DB52}.Release|Any CPU.ActiveCfg = Release|Any CPU
		{F41B4AA4-DD05-47A8-8B3F-8DC22BB3DB52}.Release|Any CPU.Build.0 = Release|Any CPU
	EndGlobalSection
	GlobalSection(SolutionProperties) = preSolution
		HideSolutionNode = FALSE
	EndGlobalSection
	GlobalSection(ExtensibilityGlobals) = postSolution
		SolutionGuid = {7251DDCF-95CD-4C27-BE20-7601B203B5FB}
	EndGlobalSection
EndGlobal
